PODS:
  - AHKActionSheet (0.5)
  - Appirater (2.0.4)
  - CBStoreHouseRefreshControl-JW (1.0)
  - Reveal-iOS-SDK (1.0.7)
  - SGNavigationProgress-JW (1.2)
  - STHTTPRequest (1.0.2)
  - SVProgressHUD (1.1.2)
  - UMengAnalytics (3.4.6)

DEPENDENCIES:
  - AHKActionSheet
  - Appirater (~> 2.0.4)
  - CBStoreHouseRefreshControl-JW
  - Reveal-iOS-SDK (~> 1.0.6)
  - SGNavigationProgress-JW
  - STHTTPRequest
  - SVProgressHUD
  - UMengAnalytics

SPEC CHECKSUMS:
  AHKActionSheet: f332463c7dba624b49cd4a37a59608e1da0032da
  Appirater: cbdb7f305562cfde585300bfff86da01ae559deb
  CBStoreHouseRefreshControl-JW: 116b2c5a04247ce5e4c04ddafc99558636475b59
  Reveal-iOS-SDK: 7ee5e9b37ef13dcd93ae1736c1b72c7c650da3e3
  SGNavigationProgress-JW: df3edca4a97ea1523e5c3136e48fecb01236f400
  STHTTPRequest: 9aee3fd1557dcaa380198a9e56d36527ede342d1
  SVProgressHUD: da7a49e789af645d9279ffbca62318945a832438
  UMengAnalytics: bc026b4f4a9a162cdf5adc0c53c5a498de7a73bb

COCOAPODS: 0.35.0
