<?xml version="1.0" encoding="UTF-8"?>
<Scheme
   LastUpgradeVersion = "0700"
   version = "1.3">
   <BuildAction
      parallelizeBuildables = "YES"
      buildImplicitDependencies = "YES">
      <BuildActionEntries>
         <BuildActionEntry
            buildForTesting = "YES"
            buildForRunning = "YES"
            buildForProfiling = "YES"
            buildForArchiving = "YES"
            buildForAnalyzing = "YES">
            <BuildableReference
               BuildableIdentifier = "primary"
               BlueprintIdentifier = "52B84A331BE1480700BC81F6"
               BuildableName = "watchOS2.app"
               BlueprintName = "watchOS2"
               ReferencedContainer = "container:BusRider.xcodeproj">
            </BuildableReference>
         </BuildActionEntry>
         <BuildActionEntry
            buildForTesting = "YES"
            buildForRunning = "YES"
            buildForProfiling = "YES"
            buildForArchiving = "YES"
            buildForAnalyzing = "YES">
            <BuildableReference
               BuildableIdentifier = "primary"
               BlueprintIdentifier = "52B84A3F1BE1480700BC81F6"
               BuildableName = "watchOS2 Extension.appex"
               BlueprintName = "watchOS2 Extension"
               ReferencedContainer = "container:BusRider.xcodeproj">
            </BuildableReference>
         </BuildActionEntry>
         <BuildActionEntry
            buildForTesting = "YES"
            buildForRunning = "YES"
            buildForProfiling = "YES"
            buildForArchiving = "YES"
            buildForAnalyzing = "YES">
            <BuildableReference
               BuildableIdentifier = "primary"
               BlueprintIdentifier = "523DCD311AD2F5EF00862462"
               BuildableName = "BusRider WatchKit Extension.appex"
               BlueprintName = "BusRider WatchKit Extension"
               ReferencedContainer = "container:BusRider.xcodeproj">
            </BuildableReference>
         </BuildActionEntry>
         <BuildActionEntry
            buildForTesting = "YES"
            buildForRunning = "YES"
            buildForProfiling = "YES"
            buildForArchiving = "YES"
            buildForAnalyzing = "YES">
            <BuildableReference
               BuildableIdentifier = "primary"
               BlueprintIdentifier = "52AB79C81A2E193E001904CA"
               BuildableName = "BusRider.app"
               BlueprintName = "BusRider"
               ReferencedContainer = "container:BusRider.xcodeproj">
            </BuildableReference>
         </BuildActionEntry>
      </BuildActionEntries>
   </BuildAction>
   <TestAction
      buildConfiguration = "Debug"
      selectedDebuggerIdentifier = "Xcode.DebuggerFoundation.Debugger.LLDB"
      selectedLauncherIdentifier = "Xcode.DebuggerFoundation.Launcher.LLDB"
      shouldUseLaunchSchemeArgsEnv = "YES">
      <Testables>
      </Testables>
      <MacroExpansion>
         <BuildableReference
            BuildableIdentifier = "primary"
            BlueprintIdentifier = "52B84A331BE1480700BC81F6"
            BuildableName = "watchOS2.app"
            BlueprintName = "watchOS2"
            ReferencedContainer = "container:BusRider.xcodeproj">
         </BuildableReference>
      </MacroExpansion>
      <AdditionalOptions>
      </AdditionalOptions>
   </TestAction>
   <LaunchAction
      buildConfiguration = "Debug"
      selectedDebuggerIdentifier = "Xcode.DebuggerFoundation.Debugger.LLDB"
      selectedLauncherIdentifier = "Xcode.DebuggerFoundation.Launcher.LLDB"
      launchStyle = "0"
      useCustomWorkingDirectory = "NO"
      ignoresPersistentStateOnLaunch = "NO"
      debugDocumentVersioning = "YES"
      debugServiceExtension = "internal"
      allowLocationSimulation = "YES">
      <RemoteRunnable
         runnableDebuggingMode = "2"
         BundleIdentifier = "com.apple.carousel"
         RemotePath = "/BusRider">
         <BuildableReference
            BuildableIdentifier = "primary"
            BlueprintIdentifier = "52B84A331BE1480700BC81F6"
            BuildableName = "watchOS2.app"
            BlueprintName = "watchOS2"
            ReferencedContainer = "container:BusRider.xcodeproj">
         </BuildableReference>
      </RemoteRunnable>
      <MacroExpansion>
         <BuildableReference
            BuildableIdentifier = "primary"
            BlueprintIdentifier = "52B84A331BE1480700BC81F6"
            BuildableName = "watchOS2.app"
            BlueprintName = "watchOS2"
            ReferencedContainer = "container:BusRider.xcodeproj">
         </BuildableReference>
      </MacroExpansion>
      <AdditionalOptions>
      </AdditionalOptions>
   </LaunchAction>
   <ProfileAction
      buildConfiguration = "Release"
      shouldUseLaunchSchemeArgsEnv = "YES"
      savedToolIdentifier = ""
      useCustomWorkingDirectory = "NO"
      debugDocumentVersioning = "YES">
      <RemoteRunnable
         runnableDebuggingMode = "2"
         BundleIdentifier = "com.apple.carousel"
         RemotePath = "/BusRider">
         <BuildableReference
            BuildableIdentifier = "primary"
            BlueprintIdentifier = "52B84A331BE1480700BC81F6"
            BuildableName = "watchOS2.app"
            BlueprintName = "watchOS2"
            ReferencedContainer = "container:BusRider.xcodeproj">
         </BuildableReference>
      </RemoteRunnable>
      <MacroExpansion>
         <BuildableReference
            BuildableIdentifier = "primary"
            BlueprintIdentifier = "52B84A331BE1480700BC81F6"
            BuildableName = "watchOS2.app"
            BlueprintName = "watchOS2"
            ReferencedContainer = "container:BusRider.xcodeproj">
         </BuildableReference>
      </MacroExpansion>
   </ProfileAction>
   <AnalyzeAction
      buildConfiguration = "Debug">
   </AnalyzeAction>
   <ArchiveAction
      buildConfiguration = "Release"
      revealArchiveInOrganizer = "YES">
   </ArchiveAction>
</Scheme>
